
Microsoft Visual Studio Solution File, Format Version 12.00
# Visual Studio 15
VisualStudioVersion = 15.0.27428.2037
MinimumVisualStudioVersion = 10.0.40219.1
Project("{FAE04EC0-301F-11D3-BF4B-00C04F79EFBC}") = "ImageEvaluator", "ImageEvaluator\ImageEvaluator.csproj", "{E897A626-5BD5-4DC1-9D95-2FFBCE20E6A5}"
	ProjectSection(ProjectDependencies) = postProject
		{1F20BE2B-7B75-4B22-A259-20F3379A66ED} = {1F20BE2B-7B75-4B22-A259-20F3379A66ED}
		{D1BC58D7-7881-45BF-A21C-E16DA4DEC2B0} = {D1BC58D7-7881-45BF-A21C-E16DA4DEC2B0}
	EndProjectSection
EndProject
Project("{FAE04EC0-301F-11D3-BF4B-00C04F79EFBC}") = "ImageEvaluatorLib", "ImageEvaluatorLib\ImageEvaluatorLib.csproj", "{1F20BE2B-7B75-4B22-A259-20F3379A66ED}"
EndProject
Project("{FAE04EC0-301F-11D3-BF4B-00C04F79EFBC}") = "ImageEvaluatorInterfaces", "ImageEvaluatorInterfaces\ImageEvaluatorInterfaces.csproj", "{D1BC58D7-7881-45BF-A21C-E16DA4DEC2B0}"
EndProject
Project("{FAE04EC0-301F-11D3-BF4B-00C04F79EFBC}") = "Interfaces", "Interfaces\Interfaces.csproj", "{4D29EE1A-9C61-470F-ABC1-C004F04680A4}"
EndProject
Project("{FAE04EC0-301F-11D3-BF4B-00C04F79EFBC}") = "BaseClasses", "BaseClasses\BaseClasses.csproj", "{D8D4CF2D-5497-44FF-A659-DAE9BA7B85A1}"
EndProject
Global
	GlobalSection(SolutionConfigurationPlatforms) = preSolution
		Debug|Any CPU = Debug|Any CPU
		Release|Any CPU = Release|Any CPU
	EndGlobalSection
	GlobalSection(ProjectConfigurationPlatforms) = postSolution
		{E897A626-5BD5-4DC1-9D95-2FFBCE20E6A5}.Debug|Any CPU.ActiveCfg = Debug|Any CPU
		{E897A626-5BD5-4DC1-9D95-2FFBCE20E6A5}.Debug|Any CPU.Build.0 = Debug|Any CPU
		{E897A626-5BD5-4DC1-9D95-2FFBCE20E6A5}.Release|Any CPU.ActiveCfg = Release|Any CPU
		{E897A626-5BD5-4DC1-9D95-2FFBCE20E6A5}.Release|Any CPU.Build.0 = Release|Any CPU
		{1F20BE2B-7B75-4B22-A259-20F3379A66ED}.Debug|Any CPU.ActiveCfg = Debug|Any CPU
		{1F20BE2B-7B75-4B22-A259-20F3379A66ED}.Debug|Any CPU.Build.0 = Debug|Any CPU
		{1F20BE2B-7B75-4B22-A259-20F3379A66ED}.Release|Any CPU.ActiveCfg = Release|Any CPU
		{1F20BE2B-7B75-4B22-A259-20F3379A66ED}.Release|Any CPU.Build.0 = Release|Any CPU
		{D1BC58D7-7881-45BF-A21C-E16DA4DEC2B0}.Debug|Any CPU.ActiveCfg = Debug|Any CPU
		{D1BC58D7-7881-45BF-A21C-E16DA4DEC2B0}.Debug|Any CPU.Build.0 = Debug|Any CPU
		{D1BC58D7-7881-45BF-A21C-E16DA4DEC2B0}.Release|Any CPU.ActiveCfg = Release|Any CPU
		{D1BC58D7-7881-45BF-A21C-E16DA4DEC2B0}.Release|Any CPU.Build.0 = Release|Any CPU
		{4D29EE1A-9C61-470F-ABC1-C004F04680A4}.Debug|Any CPU.ActiveCfg = Debug|Any CPU
		{4D29EE1A-9C61-470F-ABC1-C004F04680A4}.Debug|Any CPU.Build.0 = Debug|Any CPU
		{4D29EE1A-9C61-470F-ABC1-C004F04680A4}.Release|Any CPU.ActiveCfg = Release|Any CPU
		{4D29EE1A-9C61-470F-ABC1-C004F04680A4}.Release|Any CPU.Build.0 = Release|Any CPU
		{D8D4CF2D-5497-44FF-A659-DAE9BA7B85A1}.Debug|Any CPU.ActiveCfg = Debug|Any CPU
		{D8D4CF2D-5497-44FF-A659-DAE9BA7B85A1}.Debug|Any CPU.Build.0 = Debug|Any CPU
		{D8D4CF2D-5497-44FF-A659-DAE9BA7B85A1}.Release|Any CPU.ActiveCfg = Release|Any CPU
		{D8D4CF2D-5497-44FF-A659-DAE9BA7B85A1}.Release|Any CPU.Build.0 = Release|Any CPU
	EndGlobalSection
	GlobalSection(SolutionProperties) = preSolution
		HideSolutionNode = FALSE
	EndGlobalSection
	GlobalSection(ExtensibilityGlobals) = postSolution
		SolutionGuid = {860993DB-2CE1-4BE8-9300-73CC75F79637}
	EndGlobalSection
EndGlobal
